<?xml version="1.0" encoding="utf-8"?>
<Project ToolsVersion="4.0" xmlns="http://schemas.microsoft.com/developer/msbuild/2003">
  <ItemGroup>
    <Filter Include="源文件">
      <UniqueIdentifier>{4FC737F1-C7A5-4376-A066-2A32D752A2FF}</UniqueIdentifier>
      <Extensions>cpp;c;cc;cxx;def;odl;idl;hpj;bat;asm;asmx</Extensions>
    </Filter>
    <Filter Include="资源文件">
      <UniqueIdentifier>{67DA6AB6-F800-4c08-8B7A-83BB121AAD01}</UniqueIdentifier>
      <Extensions>rc;ico;cur;bmp;dlg;rc2;rct;bin;rgs;gif;jpg;jpeg;jpe;resx;tiff;tif;png;wav;mfcribbon-ms</Extensions>
    </Filter>
    <Filter Include="Manager">
      <UniqueIdentifier>{93995380-89BD-4b04-88EB-625FBE52EBFB}</UniqueIdentifier>
      <Extensions>h;hh;hpp;hxx;hm;inl;inc;ipp;xsd</Extensions>
    </Filter>
    <Filter Include="MysqlClient">
      <UniqueIdentifier>{e2404ade-d4b6-4d74-afeb-652cd7a68146}</UniqueIdentifier>
    </Filter>
  </ItemGroup>
  <ItemGroup>
    <ClCompile Include="Manager\MysqlManager.cpp">
      <Filter>Manager</Filter>
    </ClCompile>
    <ClCompile Include="Manager\RedisManager.cpp">
      <Filter>Manager</Filter>
    </ClCompile>
    <ClCompile Include="MysqlClient\MysqlDefine.cpp">
      <Filter>MysqlClient</Filter>
    </ClCompile>
    <ClCompile Include="MysqlClient\MysqlTaskAction.cpp">
      <Filter>MysqlClient</Filter>
    </ClCompile>
  </ItemGroup>
  <ItemGroup>
    <ClInclude Include="Manager\MysqlManager.h">
      <Filter>Manager</Filter>
    </ClInclude>
    <ClInclude Include="Manager\RedisManager.h">
      <Filter>Manager</Filter>
    </ClInclude>
    <ClInclude Include="MysqlClient\MysqlDefine.h">
      <Filter>MysqlClient</Filter>
    </ClInclude>
    <ClInclude Include="MysqlClient\MysqlTaskAction.h">
      <Filter>MysqlClient</Filter>
    </ClInclude>
  </ItemGroup>
</Project>