<?xml version="1.0" encoding="utf-8"?>
<Project ToolsVersion="4.0" xmlns="http://schemas.microsoft.com/developer/msbuild/2003">
  <ItemGroup>
    <Filter Include="资源文件">
      <UniqueIdentifier>{67DA6AB6-F800-4c08-8B7A-83BB121AAD01}</UniqueIdentifier>
      <Extensions>rc;ico;cur;bmp;dlg;rc2;rct;bin;rgs;gif;jpg;jpeg;jpe;resx;tiff;tif;png;wav;mfcribbon-ms</Extensions>
    </Filter>
    <Filter Include="Manager">
      <UniqueIdentifier>{93995380-89BD-4b04-88EB-625FBE52EBFB}</UniqueIdentifier>
      <Extensions>h;hh;hpp;hxx;hm;inl;inc;ipp;xsd</Extensions>
    </Filter>
    <Filter Include="MysqlClient">
      <UniqueIdentifier>{e2404ade-d4b6-4d74-afeb-652cd7a68146}</UniqueIdentifier>
    </Filter>
    <Filter Include="RedisClient">
      <UniqueIdentifier>{bfc062c6-305d-48a4-b4e4-7cf631c753b2}</UniqueIdentifier>
    </Filter>
    <Filter Include="QueryResult">
      <UniqueIdentifier>{81336db9-6107-4db7-a552-4f52b69aed87}</UniqueIdentifier>
    </Filter>
    <Filter Include="Script">
      <UniqueIdentifier>{53b36b0e-a566-4d45-9d98-22f86fd680bf}</UniqueIdentifier>
    </Filter>
    <Filter Include="Service">
      <UniqueIdentifier>{e2b769b4-d33c-4b1a-b0b5-87096b5d5016}</UniqueIdentifier>
    </Filter>
  </ItemGroup>
  <ItemGroup>
    <ClCompile Include="Manager\MysqlManager.cpp">
      <Filter>Manager</Filter>
    </ClCompile>
    <ClCompile Include="Manager\RedisManager.cpp">
      <Filter>Manager</Filter>
    </ClCompile>
    <ClCompile Include="MysqlClient\MysqlTaskAction.cpp">
      <Filter>MysqlClient</Filter>
    </ClCompile>
    <ClCompile Include="RedisClient\RedisTaskAction.cpp">
      <Filter>RedisClient</Filter>
    </ClCompile>
    <ClCompile Include="QueryResult\InvokeResultData.cpp">
      <Filter>QueryResult</Filter>
    </ClCompile>
    <ClCompile Include="RedisClient\RedisLuaTask.cpp">
      <Filter>RedisClient</Filter>
    </ClCompile>
    <ClCompile Include="RedisClient\RedisTaskBase.cpp">
      <Filter>RedisClient</Filter>
    </ClCompile>
    <ClCompile Include="MysqlClient\MysqlTaskBase.cpp">
      <Filter>MysqlClient</Filter>
    </ClCompile>
    <ClCompile Include="MysqlClient\TableOperator.cpp">
      <Filter>MysqlClient</Filter>
    </ClCompile>
    <ClCompile Include="MysqlClient\MysqlInsertTask.cpp">
      <Filter>MysqlClient</Filter>
    </ClCompile>
    <ClCompile Include="MysqlClient\MysqlQueryTask.cpp">
      <Filter>MysqlClient</Filter>
    </ClCompile>
    <ClCompile Include="MysqlClient\MysqlUpdateTask.cpp">
      <Filter>MysqlClient</Filter>
    </ClCompile>
    <ClCompile Include="MysqlClient\MysqlDeleteTask.cpp">
      <Filter>MysqlClient</Filter>
    </ClCompile>
    <ClCompile Include="Service\MysqlProxy.cpp">
      <Filter>Service</Filter>
    </ClCompile>
  </ItemGroup>
  <ItemGroup>
    <ClInclude Include="Manager\MysqlManager.h">
      <Filter>Manager</Filter>
    </ClInclude>
    <ClInclude Include="Manager\RedisManager.h">
      <Filter>Manager</Filter>
    </ClInclude>
    <ClInclude Include="MysqlClient\MysqlTaskAction.h">
      <Filter>MysqlClient</Filter>
    </ClInclude>
    <ClInclude Include="RedisClient\RedisTaskAction.h">
      <Filter>RedisClient</Filter>
    </ClInclude>
    <ClInclude Include="RedisClient\RedisDefine.h">
      <Filter>RedisClient</Filter>
    </ClInclude>
    <ClInclude Include="QueryResult\InvokeResultData.h">
      <Filter>QueryResult</Filter>
    </ClInclude>
    <ClInclude Include="MysqlClient\MysqlDefine.h">
      <Filter>MysqlClient</Filter>
    </ClInclude>
    <ClInclude Include="RedisClient\RedisLuaTask.h">
      <Filter>RedisClient</Filter>
    </ClInclude>
    <ClInclude Include="RedisClient\RedisTaskBase.h">
      <Filter>RedisClient</Filter>
    </ClInclude>
    <ClInclude Include="MysqlClient\MysqlTaskBase.h">
      <Filter>MysqlClient</Filter>
    </ClInclude>
    <ClInclude Include="MysqlClient\TableOperator.h">
      <Filter>MysqlClient</Filter>
    </ClInclude>
    <ClInclude Include="MysqlClient\MysqlInsertTask.h">
      <Filter>MysqlClient</Filter>
    </ClInclude>
    <ClInclude Include="MysqlClient\MysqlQueryTask.h">
      <Filter>MysqlClient</Filter>
    </ClInclude>
    <ClInclude Include="MysqlClient\MysqlUpdateTask.h">
      <Filter>MysqlClient</Filter>
    </ClInclude>
    <ClInclude Include="MysqlClient\MysqlDeleteTask.h">
      <Filter>MysqlClient</Filter>
    </ClInclude>
    <ClInclude Include="Service\MysqlProxy.h">
      <Filter>Service</Filter>
    </ClInclude>
  </ItemGroup>
</Project>