<?xml version="1.0" encoding="utf-8"?>
<Project ToolsVersion="4.0" xmlns="http://schemas.microsoft.com/developer/msbuild/2003">
  <ItemGroup>
    <Filter Include="头文件">
      <UniqueIdentifier>{93995380-89BD-4b04-88EB-625FBE52EBFB}</UniqueIdentifier>
      <Extensions>h;hh;hpp;hxx;hm;inl;inc;ipp;xsd</Extensions>
    </Filter>
    <Filter Include="资源文件">
      <UniqueIdentifier>{67DA6AB6-F800-4c08-8B7A-83BB121AAD01}</UniqueIdentifier>
      <Extensions>rc;ico;cur;bmp;dlg;rc2;rct;bin;rgs;gif;jpg;jpeg;jpe;resx;tiff;tif;png;wav;mfcribbon-ms</Extensions>
    </Filter>
    <Filter Include="Main">
      <UniqueIdentifier>{4FC737F1-C7A5-4376-A066-2A32D752A2FF}</UniqueIdentifier>
      <Extensions>cpp;c;cc;cxx;def;odl;idl;hpj;bat;asm;asmx</Extensions>
    </Filter>
    <Filter Include="Json">
      <UniqueIdentifier>{3ae4a563-c066-424f-8ecc-43bdea8681d4}</UniqueIdentifier>
    </Filter>
    <Filter Include="NetWork">
      <UniqueIdentifier>{4fb8db77-498c-4a25-9423-c5daa652a8c2}</UniqueIdentifier>
    </Filter>
    <Filter Include="App">
      <UniqueIdentifier>{15c98558-042f-4feb-ac34-adedf7c0c597}</UniqueIdentifier>
    </Filter>
  </ItemGroup>
  <ItemGroup>
    <ClCompile Include="main.cpp">
      <Filter>Main</Filter>
    </ClCompile>
    <ClCompile Include="Json\JsonHelper.cpp">
      <Filter>Json</Filter>
    </ClCompile>
    <ClCompile Include="NetWork\NetWorkClient.cpp">
      <Filter>NetWork</Filter>
    </ClCompile>
    <ClCompile Include="App\AppLocation.cpp">
      <Filter>App</Filter>
    </ClCompile>
  </ItemGroup>
  <ItemGroup>
    <ClInclude Include="Json\JsonHelper.h">
      <Filter>Json</Filter>
    </ClInclude>
    <ClInclude Include="NetWork\NetWorkClient.h">
      <Filter>NetWork</Filter>
    </ClInclude>
    <ClInclude Include="App\AppLocation.h">
      <Filter>App</Filter>
    </ClInclude>
  </ItemGroup>
</Project>