
Microsoft Visual Studio Solution File, Format Version 12.00
# Visual Studio 15
VisualStudioVersion = 15.0.28307.438
MinimumVisualStudioVersion = 10.0.40219.1
Project("{8BC9CEB8-8B4A-11D0-8D11-00A0C91BC942}") = "Common", "Common\Common.vcxproj", "{0178EB4E-3543-4C81-9B89-9A05C1EEED3F}"
EndProject
Project("{8BC9CEB8-8B4A-11D0-8D11-00A0C91BC942}") = "ServerData", "ServerData\ServerData.vcxproj", "{FD812AE3-2FD7-4230-9977-29D7688A8644}"
EndProject
Project("{8BC9CEB8-8B4A-11D0-8D11-00A0C91BC942}") = "DataBase", "DataBase\DataBase.vcxproj", "{DA10827F-95A6-456E-9E26-23F3ED1AA218}"
EndProject
Project("{8BC9CEB8-8B4A-11D0-8D11-00A0C91BC942}") = "GM", "GM\GM.vcxproj", "{F76F19BD-DB02-48BF-A367-13E775108FD2}"
EndProject
Project("{8BC9CEB8-8B4A-11D0-8D11-00A0C91BC942}") = "Server", "Server\Server.vcxproj", "{244563F7-F95C-4E48-AAE4-BE171544AF5C}"
	ProjectSection(ProjectDependencies) = postProject
		{0178EB4E-3543-4C81-9B89-9A05C1EEED3F} = {0178EB4E-3543-4C81-9B89-9A05C1EEED3F}
		{DA10827F-95A6-456E-9E26-23F3ED1AA218} = {DA10827F-95A6-456E-9E26-23F3ED1AA218}
		{FD812AE3-2FD7-4230-9977-29D7688A8644} = {FD812AE3-2FD7-4230-9977-29D7688A8644}
	EndProjectSection
EndProject
Project("{8BC9CEB8-8B4A-11D0-8D11-00A0C91BC942}") = "Client", "Client\Client.vcxproj", "{9CE23762-20CE-46FE-B826-1B647CEF4FCD}"
	ProjectSection(ProjectDependencies) = postProject
		{0178EB4E-3543-4C81-9B89-9A05C1EEED3F} = {0178EB4E-3543-4C81-9B89-9A05C1EEED3F}
		{FD812AE3-2FD7-4230-9977-29D7688A8644} = {FD812AE3-2FD7-4230-9977-29D7688A8644}
	EndProjectSection
EndProject
Global
	GlobalSection(SolutionConfigurationPlatforms) = preSolution
		Debug|x64 = Debug|x64
		Debug|x86 = Debug|x86
		Release|x64 = Release|x64
		Release|x86 = Release|x86
	EndGlobalSection
	GlobalSection(ProjectConfigurationPlatforms) = postSolution
		{0178EB4E-3543-4C81-9B89-9A05C1EEED3F}.Debug|x64.ActiveCfg = Debug|x64
		{0178EB4E-3543-4C81-9B89-9A05C1EEED3F}.Debug|x64.Build.0 = Debug|x64
		{0178EB4E-3543-4C81-9B89-9A05C1EEED3F}.Debug|x86.ActiveCfg = Debug|Win32
		{0178EB4E-3543-4C81-9B89-9A05C1EEED3F}.Debug|x86.Build.0 = Debug|Win32
		{0178EB4E-3543-4C81-9B89-9A05C1EEED3F}.Release|x64.ActiveCfg = Release|x64
		{0178EB4E-3543-4C81-9B89-9A05C1EEED3F}.Release|x64.Build.0 = Release|x64
		{0178EB4E-3543-4C81-9B89-9A05C1EEED3F}.Release|x86.ActiveCfg = Release|Win32
		{0178EB4E-3543-4C81-9B89-9A05C1EEED3F}.Release|x86.Build.0 = Release|Win32
		{FD812AE3-2FD7-4230-9977-29D7688A8644}.Debug|x64.ActiveCfg = Debug|x64
		{FD812AE3-2FD7-4230-9977-29D7688A8644}.Debug|x64.Build.0 = Debug|x64
		{FD812AE3-2FD7-4230-9977-29D7688A8644}.Debug|x86.ActiveCfg = Debug|Win32
		{FD812AE3-2FD7-4230-9977-29D7688A8644}.Debug|x86.Build.0 = Debug|Win32
		{FD812AE3-2FD7-4230-9977-29D7688A8644}.Release|x64.ActiveCfg = Release|x64
		{FD812AE3-2FD7-4230-9977-29D7688A8644}.Release|x64.Build.0 = Release|x64
		{FD812AE3-2FD7-4230-9977-29D7688A8644}.Release|x86.ActiveCfg = Release|Win32
		{FD812AE3-2FD7-4230-9977-29D7688A8644}.Release|x86.Build.0 = Release|Win32
		{DA10827F-95A6-456E-9E26-23F3ED1AA218}.Debug|x64.ActiveCfg = Debug|x64
		{DA10827F-95A6-456E-9E26-23F3ED1AA218}.Debug|x64.Build.0 = Debug|x64
		{DA10827F-95A6-456E-9E26-23F3ED1AA218}.Debug|x86.ActiveCfg = Debug|Win32
		{DA10827F-95A6-456E-9E26-23F3ED1AA218}.Debug|x86.Build.0 = Debug|Win32
		{DA10827F-95A6-456E-9E26-23F3ED1AA218}.Release|x64.ActiveCfg = Release|x64
		{DA10827F-95A6-456E-9E26-23F3ED1AA218}.Release|x64.Build.0 = Release|x64
		{DA10827F-95A6-456E-9E26-23F3ED1AA218}.Release|x86.ActiveCfg = Release|Win32
		{DA10827F-95A6-456E-9E26-23F3ED1AA218}.Release|x86.Build.0 = Release|Win32
		{F76F19BD-DB02-48BF-A367-13E775108FD2}.Debug|x64.ActiveCfg = Debug|x64
		{F76F19BD-DB02-48BF-A367-13E775108FD2}.Debug|x64.Build.0 = Debug|x64
		{F76F19BD-DB02-48BF-A367-13E775108FD2}.Debug|x86.ActiveCfg = Debug|Win32
		{F76F19BD-DB02-48BF-A367-13E775108FD2}.Debug|x86.Build.0 = Debug|Win32
		{F76F19BD-DB02-48BF-A367-13E775108FD2}.Release|x64.ActiveCfg = Release|x64
		{F76F19BD-DB02-48BF-A367-13E775108FD2}.Release|x64.Build.0 = Release|x64
		{F76F19BD-DB02-48BF-A367-13E775108FD2}.Release|x86.ActiveCfg = Release|Win32
		{F76F19BD-DB02-48BF-A367-13E775108FD2}.Release|x86.Build.0 = Release|Win32
		{244563F7-F95C-4E48-AAE4-BE171544AF5C}.Debug|x64.ActiveCfg = Debug|x64
		{244563F7-F95C-4E48-AAE4-BE171544AF5C}.Debug|x64.Build.0 = Debug|x64
		{244563F7-F95C-4E48-AAE4-BE171544AF5C}.Debug|x86.ActiveCfg = Debug|Win32
		{244563F7-F95C-4E48-AAE4-BE171544AF5C}.Debug|x86.Build.0 = Debug|Win32
		{244563F7-F95C-4E48-AAE4-BE171544AF5C}.Release|x64.ActiveCfg = Release|x64
		{244563F7-F95C-4E48-AAE4-BE171544AF5C}.Release|x64.Build.0 = Release|x64
		{244563F7-F95C-4E48-AAE4-BE171544AF5C}.Release|x86.ActiveCfg = Release|Win32
		{244563F7-F95C-4E48-AAE4-BE171544AF5C}.Release|x86.Build.0 = Release|Win32
		{9CE23762-20CE-46FE-B826-1B647CEF4FCD}.Debug|x64.ActiveCfg = Debug|x64
		{9CE23762-20CE-46FE-B826-1B647CEF4FCD}.Debug|x64.Build.0 = Debug|x64
		{9CE23762-20CE-46FE-B826-1B647CEF4FCD}.Debug|x86.ActiveCfg = Debug|Win32
		{9CE23762-20CE-46FE-B826-1B647CEF4FCD}.Debug|x86.Build.0 = Debug|Win32
		{9CE23762-20CE-46FE-B826-1B647CEF4FCD}.Release|x64.ActiveCfg = Release|x64
		{9CE23762-20CE-46FE-B826-1B647CEF4FCD}.Release|x64.Build.0 = Release|x64
		{9CE23762-20CE-46FE-B826-1B647CEF4FCD}.Release|x86.ActiveCfg = Release|Win32
		{9CE23762-20CE-46FE-B826-1B647CEF4FCD}.Release|x86.Build.0 = Release|Win32
	EndGlobalSection
	GlobalSection(SolutionProperties) = preSolution
		HideSolutionNode = FALSE
	EndGlobalSection
	GlobalSection(ExtensibilityGlobals) = postSolution
		SolutionGuid = {B7BB6DE8-BB8D-441A-A4BF-D990E87BC3E2}
	EndGlobalSection
	GlobalSection(Performance) = preSolution
		HasPerformanceSessions = true
	EndGlobalSection
EndGlobal
