<?xml version="1.0" encoding="utf-8"?>
<Project ToolsVersion="4.0" xmlns="http://schemas.microsoft.com/developer/msbuild/2003">
  <ItemGroup>
    <Filter Include="Core">
      <UniqueIdentifier>{c8a43302-30f3-4a20-bef8-bcf066ebcf13}</UniqueIdentifier>
    </Filter>
    <Filter Include="Object">
      <UniqueIdentifier>{b113b1a5-660e-422f-9560-4ca90d7c7689}</UniqueIdentifier>
    </Filter>
    <Filter Include="Module">
      <UniqueIdentifier>{afa67aa1-8beb-4dd2-84ec-854dfbefb15a}</UniqueIdentifier>
    </Filter>
    <Filter Include="Define">
      <UniqueIdentifier>{09e75b59-5ed2-4ba7-95f9-19c2e7f668d6}</UniqueIdentifier>
    </Filter>
    <Filter Include="Util">
      <UniqueIdentifier>{383c34b5-c520-49b2-b87f-acd8ab171289}</UniqueIdentifier>
    </Filter>
    <Filter Include="Script">
      <UniqueIdentifier>{0cd30628-85fa-458f-8c10-510b5cb97caa}</UniqueIdentifier>
    </Filter>
    <Filter Include="Manager">
      <UniqueIdentifier>{b29cffe5-4b49-42dc-81bb-608aceb6e706}</UniqueIdentifier>
    </Filter>
    <Filter Include="Coroutine">
      <UniqueIdentifier>{f7fb804a-d6aa-4a2a-bde0-d486da26c3a2}</UniqueIdentifier>
    </Filter>
    <Filter Include="Global">
      <UniqueIdentifier>{aab2a09a-940b-4ed6-8a42-fff6f25d2d29}</UniqueIdentifier>
    </Filter>
    <Filter Include="NetWork">
      <UniqueIdentifier>{ce5e8987-edf0-44ba-9575-05e72d167f36}</UniqueIdentifier>
    </Filter>
    <Filter Include="Other">
      <UniqueIdentifier>{fca873e9-ee1b-437a-8d12-2dfbc87b5d65}</UniqueIdentifier>
    </Filter>
    <Filter Include="Timer">
      <UniqueIdentifier>{004ab11a-1ac1-45ba-8e62-3033bcf58373}</UniqueIdentifier>
    </Filter>
    <Filter Include="Thread">
      <UniqueIdentifier>{37ca78ed-1d59-4179-b8b4-e5e0f1da31bc}</UniqueIdentifier>
    </Filter>
    <Filter Include="Service">
      <UniqueIdentifier>{e2767c4f-2396-4bdd-906f-4c00c1b66c2d}</UniqueIdentifier>
    </Filter>
    <Filter Include="Pool">
      <UniqueIdentifier>{c12b1b53-46c4-48d1-b320-98770009f9a0}</UniqueIdentifier>
    </Filter>
  </ItemGroup>
  <ItemGroup>
    <ClCompile Include="Core\Applocation.cpp">
      <Filter>Core</Filter>
    </ClCompile>
    <ClCompile Include="Coroutine\Coroutine.cpp">
      <Filter>Coroutine</Filter>
    </ClCompile>
    <ClCompile Include="Coroutine\CoroutineEvent.cpp">
      <Filter>Coroutine</Filter>
    </ClCompile>
    <ClCompile Include="Coroutine\CoroutineManager.cpp">
      <Filter>Coroutine</Filter>
    </ClCompile>
    <ClCompile Include="Global\LogHelper.cpp">
      <Filter>Global</Filter>
    </ClCompile>
    <ClCompile Include="Global\ServerConfig.cpp">
      <Filter>Global</Filter>
    </ClCompile>
    <ClCompile Include="Manager\ListenerManager.cpp">
      <Filter>Manager</Filter>
    </ClCompile>
    <ClCompile Include="Manager\Manager.cpp">
      <Filter>Manager</Filter>
    </ClCompile>
    <ClCompile Include="Manager\ScriptManager.cpp">
      <Filter>Manager</Filter>
    </ClCompile>
    <ClCompile Include="Manager\TimerManager.cpp">
      <Filter>Manager</Filter>
    </ClCompile>
    <ClCompile Include="Module\Component.cpp">
      <Filter>Module</Filter>
    </ClCompile>
    <ClCompile Include="Module\SayNoUdpSession.cpp">
      <Filter>Module</Filter>
    </ClCompile>
    <ClCompile Include="NetWork\NetLuaRetAction.cpp">
      <Filter>NetWork</Filter>
    </ClCompile>
    <ClCompile Include="NetWork\NetWorkAction.cpp">
      <Filter>NetWork</Filter>
    </ClCompile>
    <ClCompile Include="NetWork\NetWorkRetAction.cpp">
      <Filter>NetWork</Filter>
    </ClCompile>
    <ClCompile Include="NetWork\TcpClientSession.cpp">
      <Filter>NetWork</Filter>
    </ClCompile>
    <ClCompile Include="Object\GameObject.cpp">
      <Filter>Object</Filter>
    </ClCompile>
    <ClCompile Include="Object\Object.cpp">
      <Filter>Object</Filter>
    </ClCompile>
    <ClCompile Include="Other\AssestsFileInfo.cpp">
      <Filter>Other</Filter>
    </ClCompile>
    <ClCompile Include="Other\ObjectFactory.cpp">
      <Filter>Other</Filter>
    </ClCompile>
    <ClCompile Include="Other\TimeRecorder.cpp">
      <Filter>Other</Filter>
    </ClCompile>
    <ClCompile Include="Thread\TaskThread.cpp">
      <Filter>Thread</Filter>
    </ClCompile>
    <ClCompile Include="Thread\ThreadTaskAction.cpp">
      <Filter>Thread</Filter>
    </ClCompile>
    <ClCompile Include="Timer\CorSleepTimer.cpp">
      <Filter>Timer</Filter>
    </ClCompile>
    <ClCompile Include="Timer\LuaActionTimer.cpp">
      <Filter>Timer</Filter>
    </ClCompile>
    <ClCompile Include="Timer\LuaSleepTimer.cpp">
      <Filter>Timer</Filter>
    </ClCompile>
    <ClCompile Include="Util\Base64Helper.cpp">
      <Filter>Util</Filter>
    </ClCompile>
    <ClCompile Include="Util\DirectoryHelper.cpp">
      <Filter>Util</Filter>
    </ClCompile>
    <ClCompile Include="Util\FileHelper.cpp">
      <Filter>Util</Filter>
    </ClCompile>
    <ClCompile Include="Util\JsonHelper.cpp">
      <Filter>Util</Filter>
    </ClCompile>
    <ClCompile Include="Util\MD5.cpp">
      <Filter>Util</Filter>
    </ClCompile>
    <ClCompile Include="Util\NumberHelper.cpp">
      <Filter>Util</Filter>
    </ClCompile>
    <ClCompile Include="Util\ProtocHelper.cpp">
      <Filter>Util</Filter>
    </ClCompile>
    <ClCompile Include="Util\StringHelper.cpp">
      <Filter>Util</Filter>
    </ClCompile>
    <ClCompile Include="Util\TimeHelper.cpp">
      <Filter>Util</Filter>
    </ClCompile>
    <ClCompile Include="Timer\TimerBase.cpp">
      <Filter>Timer</Filter>
    </ClCompile>
    <ClCompile Include="Timer\ActionTimeoutTimer.cpp">
      <Filter>Timer</Filter>
    </ClCompile>
    <ClCompile Include="Script\BindLuaFunction.cpp">
      <Filter>Script</Filter>
    </ClCompile>
    <ClCompile Include="Script\ClassNameProxy.cpp">
      <Filter>Script</Filter>
    </ClCompile>
    <ClCompile Include="Script\ClassProxyHelper.cpp">
      <Filter>Script</Filter>
    </ClCompile>
    <ClCompile Include="Script\CoroutineExtension.cpp">
      <Filter>Script</Filter>
    </ClCompile>
    <ClCompile Include="Script\luaExtension.cpp">
      <Filter>Script</Filter>
    </ClCompile>
    <ClCompile Include="Script\LuaFunction.cpp">
      <Filter>Script</Filter>
    </ClCompile>
    <ClCompile Include="Script\LuaManager.cpp">
      <Filter>Script</Filter>
    </ClCompile>
    <ClCompile Include="Script\LuaProtocExtension.cpp">
      <Filter>Script</Filter>
    </ClCompile>
    <ClCompile Include="Script\LuaTable.cpp">
      <Filter>Script</Filter>
    </ClCompile>
    <ClCompile Include="Script\SystemExtension.cpp">
      <Filter>Script</Filter>
    </ClCompile>
    <ClCompile Include="Service\ServiceRegistry.cpp">
      <Filter>Service</Filter>
    </ClCompile>
    <ClCompile Include="Manager\ActionManager.cpp">
      <Filter>Manager</Filter>
    </ClCompile>
    <ClCompile Include="Manager\ServiceManager.cpp">
      <Filter>Manager</Filter>
    </ClCompile>
    <ClCompile Include="Service\LocalService.cpp">
      <Filter>Service</Filter>
    </ClCompile>
    <ClCompile Include="Service\ServiceBase.cpp">
      <Filter>Service</Filter>
    </ClCompile>
    <ClCompile Include="Service\ClusterService.cpp">
      <Filter>Service</Filter>
    </ClCompile>
    <ClCompile Include="Other\ServiceNode.cpp">
      <Filter>Other</Filter>
    </ClCompile>
    <ClCompile Include="Service\LocalLuaService.cpp">
      <Filter>Service</Filter>
    </ClCompile>
    <ClCompile Include="Manager\ServiceNodeManager.cpp">
      <Filter>Manager</Filter>
    </ClCompile>
    <ClCompile Include="Pool\ProtocolPool.cpp">
      <Filter>Pool</Filter>
    </ClCompile>
    <ClCompile Include="Manager\NetSessionManager.cpp">
      <Filter>Manager</Filter>
    </ClCompile>
    <ClCompile Include="Manager\NetProxyManager.cpp">
      <Filter>Manager</Filter>
    </ClCompile>
    <ClCompile Include="Pool\ObjectPool.cpp">
      <Filter>Pool</Filter>
    </ClCompile>
    <ClCompile Include="NetWork\TcpProxySession.cpp">
      <Filter>NetWork</Filter>
    </ClCompile>
    <ClCompile Include="Manager\ThreadTaskManager.cpp">
      <Filter>Manager</Filter>
    </ClCompile>
  </ItemGroup>
  <ItemGroup>
    <ClInclude Include="Core\Applocation.h">
      <Filter>Core</Filter>
    </ClInclude>
    <ClInclude Include="Coroutine\Coroutine.h">
      <Filter>Coroutine</Filter>
    </ClInclude>
    <ClInclude Include="Coroutine\CoroutineEvent.h">
      <Filter>Coroutine</Filter>
    </ClInclude>
    <ClInclude Include="Coroutine\CoroutineManager.h">
      <Filter>Coroutine</Filter>
    </ClInclude>
    <ClInclude Include="Define\ClassStatement.h">
      <Filter>Define</Filter>
    </ClInclude>
    <ClInclude Include="Define\CommonDef.h">
      <Filter>Define</Filter>
    </ClInclude>
    <ClInclude Include="Define\CommonStruct.h">
      <Filter>Define</Filter>
    </ClInclude>
    <ClInclude Include="Define\CommonTypeDef.h">
      <Filter>Define</Filter>
    </ClInclude>
    <ClInclude Include="Define\ThreadQueue.h">
      <Filter>Define</Filter>
    </ClInclude>
    <ClInclude Include="Global\LogHelper.h">
      <Filter>Global</Filter>
    </ClInclude>
    <ClInclude Include="Global\SayNoDataField.h">
      <Filter>Global</Filter>
    </ClInclude>
    <ClInclude Include="Global\ServerConfig.h">
      <Filter>Global</Filter>
    </ClInclude>
    <ClInclude Include="Manager\ListenerManager.h">
      <Filter>Manager</Filter>
    </ClInclude>
    <ClInclude Include="Manager\Manager.h">
      <Filter>Manager</Filter>
    </ClInclude>
    <ClInclude Include="Manager\ScriptManager.h">
      <Filter>Manager</Filter>
    </ClInclude>
    <ClInclude Include="Manager\TimerManager.h">
      <Filter>Manager</Filter>
    </ClInclude>
    <ClInclude Include="Module\Component.h">
      <Filter>Module</Filter>
    </ClInclude>
    <ClInclude Include="Module\SayNoFactory.h">
      <Filter>Module</Filter>
    </ClInclude>
    <ClInclude Include="Module\SayNoUdpSession.h">
      <Filter>Module</Filter>
    </ClInclude>
    <ClInclude Include="NetWork\NetLuaRetAction.h">
      <Filter>NetWork</Filter>
    </ClInclude>
    <ClInclude Include="NetWork\NetWorkAction.h">
      <Filter>NetWork</Filter>
    </ClInclude>
    <ClInclude Include="NetWork\NetWorkRetAction.h">
      <Filter>NetWork</Filter>
    </ClInclude>
    <ClInclude Include="NetWork\TcpClientSession.h">
      <Filter>NetWork</Filter>
    </ClInclude>
    <ClInclude Include="Object\GameObject.h">
      <Filter>Object</Filter>
    </ClInclude>
    <ClInclude Include="Object\MemoryObject.h">
      <Filter>Object</Filter>
    </ClInclude>
    <ClInclude Include="Object\Object.h">
      <Filter>Object</Filter>
    </ClInclude>
    <ClInclude Include="Other\AssestsFileInfo.h">
      <Filter>Other</Filter>
    </ClInclude>
    <ClInclude Include="Other\DoubleBufferQueue.h">
      <Filter>Other</Filter>
    </ClInclude>
    <ClInclude Include="Other\ObjectFactory.h">
      <Filter>Other</Filter>
    </ClInclude>
    <ClInclude Include="Other\TimeRecorder.h">
      <Filter>Other</Filter>
    </ClInclude>
    <ClInclude Include="Thread\TaskThread.h">
      <Filter>Thread</Filter>
    </ClInclude>
    <ClInclude Include="Thread\ThreadTaskAction.h">
      <Filter>Thread</Filter>
    </ClInclude>
    <ClInclude Include="Timer\CorSleepTimer.h">
      <Filter>Timer</Filter>
    </ClInclude>
    <ClInclude Include="Timer\LuaActionTimer.h">
      <Filter>Timer</Filter>
    </ClInclude>
    <ClInclude Include="Timer\LuaSleepTimer.h">
      <Filter>Timer</Filter>
    </ClInclude>
    <ClInclude Include="Timer\TimerBase.h">
      <Filter>Timer</Filter>
    </ClInclude>
    <ClInclude Include="Util\Base64Helper.h">
      <Filter>Util</Filter>
    </ClInclude>
    <ClInclude Include="Util\DirectoryHelper.h">
      <Filter>Util</Filter>
    </ClInclude>
    <ClInclude Include="Util\FileHelper.h">
      <Filter>Util</Filter>
    </ClInclude>
    <ClInclude Include="Util\JsonHelper.h">
      <Filter>Util</Filter>
    </ClInclude>
    <ClInclude Include="Util\MathHelper.h">
      <Filter>Util</Filter>
    </ClInclude>
    <ClInclude Include="Util\MD5.h">
      <Filter>Util</Filter>
    </ClInclude>
    <ClInclude Include="Util\NumberBuilder.h">
      <Filter>Util</Filter>
    </ClInclude>
    <ClInclude Include="Util\NumberHelper.h">
      <Filter>Util</Filter>
    </ClInclude>
    <ClInclude Include="Util\ProtocHelper.h">
      <Filter>Util</Filter>
    </ClInclude>
    <ClInclude Include="Util\StringHelper.h">
      <Filter>Util</Filter>
    </ClInclude>
    <ClInclude Include="Util\StringStream.h">
      <Filter>Util</Filter>
    </ClInclude>
    <ClInclude Include="Util\TableWriter.h">
      <Filter>Util</Filter>
    </ClInclude>
    <ClInclude Include="Util\TimeHelper.h">
      <Filter>Util</Filter>
    </ClInclude>
    <ClInclude Include="Timer\ActionTimeoutTimer.h">
      <Filter>Timer</Filter>
    </ClInclude>
    <ClInclude Include="Script\BindLuaFunction.h">
      <Filter>Script</Filter>
    </ClInclude>
    <ClInclude Include="Script\ClassMateProxy.h">
      <Filter>Script</Filter>
    </ClInclude>
    <ClInclude Include="Script\ClassNameProxy.h">
      <Filter>Script</Filter>
    </ClInclude>
    <ClInclude Include="Script\ClassProxyHelper.h">
      <Filter>Script</Filter>
    </ClInclude>
    <ClInclude Include="Script\CommonParameter.h">
      <Filter>Script</Filter>
    </ClInclude>
    <ClInclude Include="Script\ContainerParameter.h">
      <Filter>Script</Filter>
    </ClInclude>
    <ClInclude Include="Script\CoroutineExtension.h">
      <Filter>Script</Filter>
    </ClInclude>
    <ClInclude Include="Script\CtorFunction.h">
      <Filter>Script</Filter>
    </ClInclude>
    <ClInclude Include="Script\FunctionParameter.h">
      <Filter>Script</Filter>
    </ClInclude>
    <ClInclude Include="Script\luadebug.h">
      <Filter>Script</Filter>
    </ClInclude>
    <ClInclude Include="Script\LuaDebugStack.h">
      <Filter>Script</Filter>
    </ClInclude>
    <ClInclude Include="Script\luaExtension.h">
      <Filter>Script</Filter>
    </ClInclude>
    <ClInclude Include="Script\LuaFunction.h">
      <Filter>Script</Filter>
    </ClInclude>
    <ClInclude Include="Script\LuaInclude.h">
      <Filter>Script</Filter>
    </ClInclude>
    <ClInclude Include="Script\LuaManager.h">
      <Filter>Script</Filter>
    </ClInclude>
    <ClInclude Include="Script\LuaParameter.h">
      <Filter>Script</Filter>
    </ClInclude>
    <ClInclude Include="Script\LuaProtocExtension.h">
      <Filter>Script</Filter>
    </ClInclude>
    <ClInclude Include="Script\LuaScriptEvent.h">
      <Filter>Script</Filter>
    </ClInclude>
    <ClInclude Include="Script\LuaTable.h">
      <Filter>Script</Filter>
    </ClInclude>
    <ClInclude Include="Script\MemberFuncProxy.h">
      <Filter>Script</Filter>
    </ClInclude>
    <ClInclude Include="Script\ParameterType.h">
      <Filter>Script</Filter>
    </ClInclude>
    <ClInclude Include="Script\ProtocParameter.h">
      <Filter>Script</Filter>
    </ClInclude>
    <ClInclude Include="Script\StaticFuncProxy.h">
      <Filter>Script</Filter>
    </ClInclude>
    <ClInclude Include="Script\SystemExtension.h">
      <Filter>Script</Filter>
    </ClInclude>
    <ClInclude Include="Script\UserDataParameter.h">
      <Filter>Script</Filter>
    </ClInclude>
    <ClInclude Include="Service\ServiceRegistry.h">
      <Filter>Service</Filter>
    </ClInclude>
    <ClInclude Include="Manager\ActionManager.h">
      <Filter>Manager</Filter>
    </ClInclude>
    <ClInclude Include="Manager\ServiceManager.h">
      <Filter>Manager</Filter>
    </ClInclude>
    <ClInclude Include="Core\ObjectRegistry.h">
      <Filter>Core</Filter>
    </ClInclude>
    <ClInclude Include="Service\LocalService.h">
      <Filter>Service</Filter>
    </ClInclude>
    <ClInclude Include="Service\ServiceBase.h">
      <Filter>Service</Filter>
    </ClInclude>
    <ClInclude Include="Service\ClusterService.h">
      <Filter>Service</Filter>
    </ClInclude>
    <ClInclude Include="Other\ServiceNode.h">
      <Filter>Other</Filter>
    </ClInclude>
    <ClInclude Include="Service\LocalLuaService.h">
      <Filter>Service</Filter>
    </ClInclude>
    <ClInclude Include="Manager\ServiceNodeManager.h">
      <Filter>Manager</Filter>
    </ClInclude>
    <ClInclude Include="Pool\ObjectPool.h">
      <Filter>Pool</Filter>
    </ClInclude>
    <ClInclude Include="Pool\ProtocolPool.h">
      <Filter>Pool</Filter>
    </ClInclude>
    <ClInclude Include="NetWork\SocketEvent.h">
      <Filter>NetWork</Filter>
    </ClInclude>
    <ClInclude Include="Timer\DelayTimer.h">
      <Filter>Timer</Filter>
    </ClInclude>
    <ClInclude Include="Manager\NetSessionManager.h">
      <Filter>Manager</Filter>
    </ClInclude>
    <ClInclude Include="Manager\NetProxyManager.h">
      <Filter>Manager</Filter>
    </ClInclude>
    <ClInclude Include="NetWork\TcpProxySession.h">
      <Filter>NetWork</Filter>
    </ClInclude>
    <ClInclude Include="Manager\ManagerInterface.h">
      <Filter>Manager</Filter>
    </ClInclude>
    <ClInclude Include="Manager\ThreadTaskManager.h">
      <Filter>Manager</Filter>
    </ClInclude>
  </ItemGroup>
  <ItemGroup>
    <None Include="cpp.hint" />
    <None Include="Script\json.lua">
      <Filter>Script</Filter>
    </None>
  </ItemGroup>
</Project>