<?xml version="1.0" encoding="utf-8"?>
<Project ToolsVersion="4.0" xmlns="http://schemas.microsoft.com/developer/msbuild/2003">
  <ItemGroup>
    <Filter Include="Core">
      <UniqueIdentifier>{c8a43302-30f3-4a20-bef8-bcf066ebcf13}</UniqueIdentifier>
    </Filter>
    <Filter Include="Object">
      <UniqueIdentifier>{b113b1a5-660e-422f-9560-4ca90d7c7689}</UniqueIdentifier>
    </Filter>
    <Filter Include="Module">
      <UniqueIdentifier>{afa67aa1-8beb-4dd2-84ec-854dfbefb15a}</UniqueIdentifier>
    </Filter>
    <Filter Include="Define">
      <UniqueIdentifier>{09e75b59-5ed2-4ba7-95f9-19c2e7f668d6}</UniqueIdentifier>
    </Filter>
    <Filter Include="Util">
      <UniqueIdentifier>{383c34b5-c520-49b2-b87f-acd8ab171289}</UniqueIdentifier>
    </Filter>
    <Filter Include="Script">
      <UniqueIdentifier>{0cd30628-85fa-458f-8c10-510b5cb97caa}</UniqueIdentifier>
    </Filter>
    <Filter Include="XCode">
      <UniqueIdentifier>{044c8f36-1140-412d-842c-7e01b1dda3b9}</UniqueIdentifier>
    </Filter>
    <Filter Include="Manager">
      <UniqueIdentifier>{b29cffe5-4b49-42dc-81bb-608aceb6e706}</UniqueIdentifier>
    </Filter>
    <Filter Include="Coroutine">
      <UniqueIdentifier>{f7fb804a-d6aa-4a2a-bde0-d486da26c3a2}</UniqueIdentifier>
    </Filter>
    <Filter Include="Global">
      <UniqueIdentifier>{aab2a09a-940b-4ed6-8a42-fff6f25d2d29}</UniqueIdentifier>
    </Filter>
    <Filter Include="Script\Extension">
      <UniqueIdentifier>{efd96f39-8b77-4529-ab0b-44cac11d3352}</UniqueIdentifier>
    </Filter>
    <Filter Include="Event">
      <UniqueIdentifier>{29480bd7-79a7-4a53-b508-16bf00c7f91e}</UniqueIdentifier>
    </Filter>
    <Filter Include="NetWork">
      <UniqueIdentifier>{ce5e8987-edf0-44ba-9575-05e72d167f36}</UniqueIdentifier>
    </Filter>
    <Filter Include="Protocol">
      <UniqueIdentifier>{1a866165-f13c-49e7-a89a-a913da0be057}</UniqueIdentifier>
    </Filter>
    <Filter Include="Other">
      <UniqueIdentifier>{fca873e9-ee1b-437a-8d12-2dfbc87b5d65}</UniqueIdentifier>
    </Filter>
    <Filter Include="Timer">
      <UniqueIdentifier>{004ab11a-1ac1-45ba-8e62-3033bcf58373}</UniqueIdentifier>
    </Filter>
    <Filter Include="Thread">
      <UniqueIdentifier>{37ca78ed-1d59-4179-b8b4-e5e0f1da31bc}</UniqueIdentifier>
    </Filter>
  </ItemGroup>
  <ItemGroup>
    <ClCompile Include="CommonModule\SayNoUdpSession.cpp">
      <Filter>Module</Filter>
    </ClCompile>
    <ClCompile Include="CommonScript\LuaType\LuaFunction.cpp">
      <Filter>Script</Filter>
    </ClCompile>
    <ClCompile Include="CommonScript\LuaType\LuaTable.cpp">
      <Filter>Script</Filter>
    </ClCompile>
    <ClCompile Include="CommonUtil\MD5.cpp">
      <Filter>Util</Filter>
    </ClCompile>
    <ClCompile Include="CommonScript\ClassNameProxy.cpp">
      <Filter>Script</Filter>
    </ClCompile>
    <ClCompile Include="CommonScript\LuaManager.cpp">
      <Filter>Script</Filter>
    </ClCompile>
    <ClCompile Include="CommonScript\luaExtension\luaExtension.cpp">
      <Filter>Script\Extension</Filter>
    </ClCompile>
    <ClCompile Include="CommonScript\luaExtension\LuaProtocExtension.cpp">
      <Filter>Script\Extension</Filter>
    </ClCompile>
    <ClCompile Include="CommonScript\luaExtension\BindLuaFunction.cpp">
      <Filter>Script\Extension</Filter>
    </ClCompile>
    <ClCompile Include="CommonScript\luaExtension\CoroutineExtension.cpp">
      <Filter>Script\Extension</Filter>
    </ClCompile>
    <ClCompile Include="CommonProtocol\Common.pb.cc">
      <Filter>Protocol</Filter>
    </ClCompile>
    <ClCompile Include="CommonProtocol\ServerCommon.pb.cc">
      <Filter>Protocol</Filter>
    </ClCompile>
    <ClCompile Include="CommonCore\Applocation.cpp">
      <Filter>Core</Filter>
    </ClCompile>
    <ClCompile Include="CommonObject\Object.cpp">
      <Filter>Object</Filter>
    </ClCompile>
    <ClCompile Include="CommonCore\TcpSessionListener.cpp">
      <Filter>Core</Filter>
    </ClCompile>
    <ClCompile Include="CommonManager\Manager.cpp">
      <Filter>Manager</Filter>
    </ClCompile>
    <ClCompile Include="CommonManager\ScriptManager.cpp">
      <Filter>Manager</Filter>
    </ClCompile>
    <ClCompile Include="CommonManager\NetWorkManager.cpp">
      <Filter>Manager</Filter>
    </ClCompile>
    <ClCompile Include="CommonModule\Component.cpp">
      <Filter>Module</Filter>
    </ClCompile>
    <ClCompile Include="CommonNetWork\TcpClientSession.cpp">
      <Filter>NetWork</Filter>
    </ClCompile>
    <ClCompile Include="CommonObject\GameObject.cpp">
      <Filter>Object</Filter>
    </ClCompile>
    <ClCompile Include="CommonUtil\TimeHelper.cpp">
      <Filter>Util</Filter>
    </ClCompile>
    <ClCompile Include="CommonUtil\Base64Helper.cpp">
      <Filter>Util</Filter>
    </ClCompile>
    <ClCompile Include="CommonUtil\StringHelper.cpp">
      <Filter>Util</Filter>
    </ClCompile>
    <ClCompile Include="CommonUtil\FileHelper.cpp">
      <Filter>Util</Filter>
    </ClCompile>
    <ClCompile Include="CommonUtil\ProtocHelper.cpp">
      <Filter>Util</Filter>
    </ClCompile>
    <ClCompile Include="CommonUtil\NumberHelper.cpp">
      <Filter>Util</Filter>
    </ClCompile>
    <ClCompile Include="CommonUtil\JsonHelper.cpp">
      <Filter>Util</Filter>
    </ClCompile>
    <ClCompile Include="CommonGlobal\ServerConfig.cpp">
      <Filter>Global</Filter>
    </ClCompile>
    <ClCompile Include="CommonNetWork\NetWorkAction.cpp">
      <Filter>NetWork</Filter>
    </ClCompile>
    <ClCompile Include="CommonNetWork\NetLuaAction.cpp">
      <Filter>NetWork</Filter>
    </ClCompile>
    <ClCompile Include="CommonScript\ClassProxyHelper.cpp">
      <Filter>Script</Filter>
    </ClCompile>
    <ClCompile Include="CommonNetWork\NetLuaRetAction.cpp">
      <Filter>NetWork</Filter>
    </ClCompile>
    <ClCompile Include="CommonNetWork\NetWorkRetAction.cpp">
      <Filter>NetWork</Filter>
    </ClCompile>
    <ClCompile Include="CommonOther\ObjectFactory.cpp">
      <Filter>Other</Filter>
    </ClCompile>
    <ClCompile Include="CommonScript\luaExtension\SystemExtension.cpp">
      <Filter>Script\Extension</Filter>
    </ClCompile>
    <ClCompile Include="CommonTimer\LuaSleepTimer.cpp">
      <Filter>Timer</Filter>
    </ClCompile>
    <ClCompile Include="CommonManager\TimerManager.cpp">
      <Filter>Manager</Filter>
    </ClCompile>
    <ClCompile Include="CommonTimer\LuaActionTimer.cpp">
      <Filter>Timer</Filter>
    </ClCompile>
    <ClCompile Include="CommonOther\TimeRecorder.cpp">
      <Filter>Other</Filter>
    </ClCompile>
    <ClCompile Include="CommonUtil\DirectoryHelper.cpp">
      <Filter>Util</Filter>
    </ClCompile>
    <ClCompile Include="CommonManager\DownLoadManager.cpp">
      <Filter>Manager</Filter>
    </ClCompile>
    <ClCompile Include="CommonOther\AssestsFileInfo.cpp">
      <Filter>Other</Filter>
    </ClCompile>
    <ClCompile Include="CommonManager\CommandManager.cpp">
      <Filter>Manager</Filter>
    </ClCompile>
    <ClCompile Include="CommonOther\Command.cpp">
      <Filter>Other</Filter>
    </ClCompile>
    <ClCompile Include="CommonCoroutine\Coroutine.cpp">
      <Filter>Coroutine</Filter>
    </ClCompile>
    <ClCompile Include="CommonCoroutine\CoroutineEvent.cpp">
      <Filter>Coroutine</Filter>
    </ClCompile>
    <ClCompile Include="CommonCoroutine\CoroutineManager.cpp">
      <Filter>Coroutine</Filter>
    </ClCompile>
    <ClCompile Include="CommonTimer\CorSleepTimer.cpp">
      <Filter>Timer</Filter>
    </ClCompile>
    <ClCompile Include="CommonManager\SessionManager.cpp">
      <Filter>Manager</Filter>
    </ClCompile>
    <ClCompile Include="CommonNetWork\RemoteScheduler.cpp">
      <Filter>NetWork</Filter>
    </ClCompile>
    <ClCompile Include="CommonThread\TaskThread.cpp">
      <Filter>Thread</Filter>
    </ClCompile>
    <ClCompile Include="CommonThread\ThreadTaskAction.cpp">
      <Filter>Thread</Filter>
    </ClCompile>
    <ClCompile Include="CommonThread\ThreadPool.cpp">
      <Filter>Thread</Filter>
    </ClCompile>
    <ClCompile Include="CommonGlobal\LogHelper.cpp">
      <Filter>Global</Filter>
    </ClCompile>
    <ClCompile Include="CommonManager\ListenerManager.cpp">
      <Filter>Manager</Filter>
    </ClCompile>
    <ClCompile Include="CommonManager\AddressManager.cpp">
      <Filter>Manager</Filter>
    </ClCompile>
    <ClCompile Include="CommonManager\ActionManager.cpp">
      <Filter>Manager</Filter>
    </ClCompile>
    <ClCompile Include="CommonOther\AreaActionTable.cpp">
      <Filter>Other</Filter>
    </ClCompile>
    <ClCompile Include="CommonCore\ManagerFactory.cpp">
      <Filter>Core</Filter>
    </ClCompile>
  </ItemGroup>
  <ItemGroup>
    <ClInclude Include="CommonModule\SayNoUdpSession.h">
      <Filter>Module</Filter>
    </ClInclude>
    <ClInclude Include="CommonDefine\CommonDef.h">
      <Filter>Define</Filter>
    </ClInclude>
    <ClInclude Include="CommonDefine\CommonTypeDef.h">
      <Filter>Define</Filter>
    </ClInclude>
    <ClInclude Include="CommonDefine\include.h">
      <Filter>Define</Filter>
    </ClInclude>
    <ClInclude Include="CommonScript\LuaType\LuaFunction.h">
      <Filter>Script</Filter>
    </ClInclude>
    <ClInclude Include="CommonScript\LuaType\LuaTable.h">
      <Filter>Script</Filter>
    </ClInclude>
    <ClInclude Include="CommonScript\Util\luadebug.h">
      <Filter>Script</Filter>
    </ClInclude>
    <ClInclude Include="CommonUtil\MD5.h">
      <Filter>Util</Filter>
    </ClInclude>
    <ClInclude Include="CommonXCode\XCode.h">
      <Filter>XCode</Filter>
    </ClInclude>
    <ClInclude Include="CommonUtil\NumberBuilder.h">
      <Filter>Util</Filter>
    </ClInclude>
    <ClInclude Include="CommonScript\ClassMateProxy.h">
      <Filter>Script</Filter>
    </ClInclude>
    <ClInclude Include="CommonScript\ClassNameProxy.h">
      <Filter>Script</Filter>
    </ClInclude>
    <ClInclude Include="CommonScript\ClassProxyHelper.h">
      <Filter>Script</Filter>
    </ClInclude>
    <ClInclude Include="CommonScript\CommonParameter.h">
      <Filter>Script</Filter>
    </ClInclude>
    <ClInclude Include="CommonScript\ContainerParameter.h">
      <Filter>Script</Filter>
    </ClInclude>
    <ClInclude Include="CommonScript\CtorFunction.h">
      <Filter>Script</Filter>
    </ClInclude>
    <ClInclude Include="CommonScript\FunctionParameter.h">
      <Filter>Script</Filter>
    </ClInclude>
    <ClInclude Include="CommonScript\LuaManager.h">
      <Filter>Script</Filter>
    </ClInclude>
    <ClInclude Include="CommonScript\LuaParameter.h">
      <Filter>Script</Filter>
    </ClInclude>
    <ClInclude Include="CommonScript\LuaScriptEvent.h">
      <Filter>Script</Filter>
    </ClInclude>
    <ClInclude Include="CommonScript\MemberFuncProxy.h">
      <Filter>Script</Filter>
    </ClInclude>
    <ClInclude Include="CommonScript\ParameterType.h">
      <Filter>Script</Filter>
    </ClInclude>
    <ClInclude Include="CommonScript\StaticFuncProxy.h">
      <Filter>Script</Filter>
    </ClInclude>
    <ClInclude Include="CommonScript\UserDataParameter.h">
      <Filter>Script</Filter>
    </ClInclude>
    <ClInclude Include="CommonScript\LuaInclude.h">
      <Filter>Script</Filter>
    </ClInclude>
    <ClInclude Include="CommonScript\ProtocParameter.h">
      <Filter>Script</Filter>
    </ClInclude>
    <ClInclude Include="CommonScript\luaExtension\luaExtension.h">
      <Filter>Script\Extension</Filter>
    </ClInclude>
    <ClInclude Include="CommonScript\luaExtension\LuaProtocExtension.h">
      <Filter>Script\Extension</Filter>
    </ClInclude>
    <ClInclude Include="CommonScript\luaExtension\BindLuaFunction.h">
      <Filter>Script\Extension</Filter>
    </ClInclude>
    <ClInclude Include="CommonScript\luaExtension\CoroutineExtension.h">
      <Filter>Script\Extension</Filter>
    </ClInclude>
    <ClInclude Include="CommonUtil\ReflectionHelper.h">
      <Filter>Util</Filter>
    </ClInclude>
    <ClInclude Include="CommonEvent\CommonEvent.h">
      <Filter>Event</Filter>
    </ClInclude>
    <ClInclude Include="CommonEvent\SayNoEventTrigger.h">
      <Filter>Event</Filter>
    </ClInclude>
    <ClInclude Include="CommonGlobal\SayNoDataField.h">
      <Filter>Global</Filter>
    </ClInclude>
    <ClInclude Include="CommonModule\SayNoFactory.h">
      <Filter>Module</Filter>
    </ClInclude>
    <ClInclude Include="CommonDefine\ClassStatement.h">
      <Filter>Define</Filter>
    </ClInclude>
    <ClInclude Include="CommonNetWork\NetWorkAction.h">
      <Filter>NetWork</Filter>
    </ClInclude>
    <ClInclude Include="CommonProtocol\Common.pb.h">
      <Filter>Protocol</Filter>
    </ClInclude>
    <ClInclude Include="CommonNetWork\NetWorkRetAction.h">
      <Filter>NetWork</Filter>
    </ClInclude>
    <ClInclude Include="CommonProtocol\ServerCommon.pb.h">
      <Filter>Protocol</Filter>
    </ClInclude>
    <ClInclude Include="CommonCore\Applocation.h">
      <Filter>Core</Filter>
    </ClInclude>
    <ClInclude Include="CommonObject\Object.h">
      <Filter>Object</Filter>
    </ClInclude>
    <ClInclude Include="CommonCore\TcpSessionListener.h">
      <Filter>Core</Filter>
    </ClInclude>
    <ClInclude Include="CommonManager\Manager.h">
      <Filter>Manager</Filter>
    </ClInclude>
    <ClInclude Include="CommonManager\ScriptManager.h">
      <Filter>Manager</Filter>
    </ClInclude>
    <ClInclude Include="CommonManager\NetWorkManager.h">
      <Filter>Manager</Filter>
    </ClInclude>
    <ClInclude Include="CommonModule\Component.h">
      <Filter>Module</Filter>
    </ClInclude>
    <ClInclude Include="CommonNetWork\TcpClientSession.h">
      <Filter>NetWork</Filter>
    </ClInclude>
    <ClInclude Include="CommonObject\GameObject.h">
      <Filter>Object</Filter>
    </ClInclude>
    <ClInclude Include="CommonDefine\CommonStruct.h">
      <Filter>Define</Filter>
    </ClInclude>
    <ClInclude Include="CommonUtil\TableWriter.h">
      <Filter>Util</Filter>
    </ClInclude>
    <ClInclude Include="CommonUtil\MathHelper.h">
      <Filter>Util</Filter>
    </ClInclude>
    <ClInclude Include="CommonUtil\TimeHelper.h">
      <Filter>Util</Filter>
    </ClInclude>
    <ClInclude Include="CommonUtil\Base64Helper.h">
      <Filter>Util</Filter>
    </ClInclude>
    <ClInclude Include="CommonUtil\StringHelper.h">
      <Filter>Util</Filter>
    </ClInclude>
    <ClInclude Include="CommonUtil\FileHelper.h">
      <Filter>Util</Filter>
    </ClInclude>
    <ClInclude Include="CommonUtil\ProtocHelper.h">
      <Filter>Util</Filter>
    </ClInclude>
    <ClInclude Include="CommonUtil\JsonHelper.h">
      <Filter>Util</Filter>
    </ClInclude>
    <ClInclude Include="CommonUtil\StringStream.h">
      <Filter>Util</Filter>
    </ClInclude>
    <ClInclude Include="CommonUtil\NumberHelper.h">
      <Filter>Util</Filter>
    </ClInclude>
    <ClInclude Include="CommonOther\MemoryPool.h">
      <Filter>Other</Filter>
    </ClInclude>
    <ClInclude Include="CommonObject\MemoryObject.h">
      <Filter>Object</Filter>
    </ClInclude>
    <ClInclude Include="CommonGlobal\ServerConfig.h">
      <Filter>Global</Filter>
    </ClInclude>
    <ClInclude Include="CommonScript\LuaDebugStack.h">
      <Filter>Script</Filter>
    </ClInclude>
    <ClInclude Include="CommonNetWork\NetLuaAction.h">
      <Filter>NetWork</Filter>
    </ClInclude>
    <ClInclude Include="CommonNetWork\NetLuaRetAction.h">
      <Filter>NetWork</Filter>
    </ClInclude>
    <ClInclude Include="CommonOther\ObjectFactory.h">
      <Filter>Other</Filter>
    </ClInclude>
    <ClInclude Include="CommonScript\luaExtension\SystemExtension.h">
      <Filter>Script\Extension</Filter>
    </ClInclude>
    <ClInclude Include="CommonTimer\TimerBase.h">
      <Filter>Timer</Filter>
    </ClInclude>
    <ClInclude Include="CommonTimer\LuaSleepTimer.h">
      <Filter>Timer</Filter>
    </ClInclude>
    <ClInclude Include="CommonManager\TimerManager.h">
      <Filter>Manager</Filter>
    </ClInclude>
    <ClInclude Include="CommonTimer\LuaActionTimer.h">
      <Filter>Timer</Filter>
    </ClInclude>
    <ClInclude Include="CommonOther\TimeRecorder.h">
      <Filter>Other</Filter>
    </ClInclude>
    <ClInclude Include="CommonUtil\DirectoryHelper.h">
      <Filter>Util</Filter>
    </ClInclude>
    <ClInclude Include="CommonOther\ServerRegisterInfo.h">
      <Filter>Other</Filter>
    </ClInclude>
    <ClInclude Include="CommonManager\DownLoadManager.h">
      <Filter>Manager</Filter>
    </ClInclude>
    <ClInclude Include="CommonOther\AssestsFileInfo.h">
      <Filter>Other</Filter>
    </ClInclude>
    <ClInclude Include="CommonOther\DoubleBufferQueue.h">
      <Filter>Other</Filter>
    </ClInclude>
    <ClInclude Include="CommonManager\CommandManager.h">
      <Filter>Manager</Filter>
    </ClInclude>
    <ClInclude Include="CommonOther\Command.h">
      <Filter>Other</Filter>
    </ClInclude>
    <ClInclude Include="CommonCoroutine\Coroutine.h">
      <Filter>Coroutine</Filter>
    </ClInclude>
    <ClInclude Include="CommonCoroutine\CoroutineEvent.h">
      <Filter>Coroutine</Filter>
    </ClInclude>
    <ClInclude Include="CommonCoroutine\CoroutineManager.h">
      <Filter>Coroutine</Filter>
    </ClInclude>
    <ClInclude Include="CommonTimer\CorSleepTimer.h">
      <Filter>Timer</Filter>
    </ClInclude>
    <ClInclude Include="CommonManager\SessionManager.h">
      <Filter>Manager</Filter>
    </ClInclude>
    <ClInclude Include="CommonNetWork\RemoteScheduler.h">
      <Filter>NetWork</Filter>
    </ClInclude>
    <ClInclude Include="CommonThread\TaskThread.h">
      <Filter>Thread</Filter>
    </ClInclude>
    <ClInclude Include="CommonThread\ThreadTaskAction.h">
      <Filter>Thread</Filter>
    </ClInclude>
    <ClInclude Include="CommonThread\ThreadPool.h">
      <Filter>Thread</Filter>
    </ClInclude>
    <ClInclude Include="CommonGlobal\LogHelper.h">
      <Filter>Global</Filter>
    </ClInclude>
    <ClInclude Include="CommonManager\ListenerManager.h">
      <Filter>Manager</Filter>
    </ClInclude>
    <ClInclude Include="CommonManager\AddressManager.h">
      <Filter>Manager</Filter>
    </ClInclude>
    <ClInclude Include="CommonManager\ActionManager.h">
      <Filter>Manager</Filter>
    </ClInclude>
    <ClInclude Include="CommonOther\AreaActionTable.h">
      <Filter>Other</Filter>
    </ClInclude>
    <ClInclude Include="CommonCore\ManagerFactory.h">
      <Filter>Core</Filter>
    </ClInclude>
  </ItemGroup>
  <ItemGroup>
    <None Include="CommonScript\json.lua">
      <Filter>Script</Filter>
    </None>
    <None Include="cpp.hint" />
  </ItemGroup>
</Project>