
Microsoft Visual Studio Solution File, Format Version 12.00
# Visual Studio 15
Project("{8BC9CEB8-8B4A-11D0-8D11-00A0C91BC942}") = "ALL_BUILD", "ALL_BUILD.vcxproj", "{CF68D183-30F5-32A1-93E1-86BF37FA9113}"
	ProjectSection(ProjectDependencies) = postProject
		{24D74311-CDA5-31C4-9434-DE5DB15CD2BE} = {24D74311-CDA5-31C4-9434-DE5DB15CD2BE}
		{9B8521B6-74E5-3CC2-9596-E784F89C525F} = {9B8521B6-74E5-3CC2-9596-E784F89C525F}
	EndProjectSection
EndProject
Project("{8BC9CEB8-8B4A-11D0-8D11-00A0C91BC942}") = "Common", "..\..\Common\Common.vcxproj", "{ABEE0F43-549F-31B3-A009-C7A958BB96D8}"
	ProjectSection(ProjectDependencies) = postProject
		{9B8521B6-74E5-3CC2-9596-E784F89C525F} = {9B8521B6-74E5-3CC2-9596-E784F89C525F}
	EndProjectSection
EndProject
Project("{8BC9CEB8-8B4A-11D0-8D11-00A0C91BC942}") = "LoginSrv", "LoginSrv.vcxproj", "{24D74311-CDA5-31C4-9434-DE5DB15CD2BE}"
	ProjectSection(ProjectDependencies) = postProject
		{ABEE0F43-549F-31B3-A009-C7A958BB96D8} = {ABEE0F43-549F-31B3-A009-C7A958BB96D8}
		{9B8521B6-74E5-3CC2-9596-E784F89C525F} = {9B8521B6-74E5-3CC2-9596-E784F89C525F}
	EndProjectSection
EndProject
Project("{8BC9CEB8-8B4A-11D0-8D11-00A0C91BC942}") = "ZERO_CHECK", "..\..\\ZERO_CHECK.vcxproj", "{9B8521B6-74E5-3CC2-9596-E784F89C525F}"
	ProjectSection(ProjectDependencies) = postProject
	EndProjectSection
EndProject
Global
	GlobalSection(SolutionConfigurationPlatforms) = preSolution
		Debug|Win32 = Debug|Win32
		Release|Win32 = Release|Win32
		MinSizeRel|Win32 = MinSizeRel|Win32
		RelWithDebInfo|Win32 = RelWithDebInfo|Win32
	EndGlobalSection
	GlobalSection(ProjectConfigurationPlatforms) = postSolution
		{CF68D183-30F5-32A1-93E1-86BF37FA9113}.Debug|Win32.ActiveCfg = Debug|Win32
		{CF68D183-30F5-32A1-93E1-86BF37FA9113}.Release|Win32.ActiveCfg = Release|Win32
		{CF68D183-30F5-32A1-93E1-86BF37FA9113}.MinSizeRel|Win32.ActiveCfg = MinSizeRel|Win32
		{CF68D183-30F5-32A1-93E1-86BF37FA9113}.RelWithDebInfo|Win32.ActiveCfg = RelWithDebInfo|Win32
		{ABEE0F43-549F-31B3-A009-C7A958BB96D8}.Debug|Win32.ActiveCfg = Debug|Win32
		{ABEE0F43-549F-31B3-A009-C7A958BB96D8}.Debug|Win32.Build.0 = Debug|Win32
		{ABEE0F43-549F-31B3-A009-C7A958BB96D8}.Release|Win32.ActiveCfg = Release|Win32
		{ABEE0F43-549F-31B3-A009-C7A958BB96D8}.Release|Win32.Build.0 = Release|Win32
		{ABEE0F43-549F-31B3-A009-C7A958BB96D8}.MinSizeRel|Win32.ActiveCfg = MinSizeRel|Win32
		{ABEE0F43-549F-31B3-A009-C7A958BB96D8}.MinSizeRel|Win32.Build.0 = MinSizeRel|Win32
		{ABEE0F43-549F-31B3-A009-C7A958BB96D8}.RelWithDebInfo|Win32.ActiveCfg = RelWithDebInfo|Win32
		{ABEE0F43-549F-31B3-A009-C7A958BB96D8}.RelWithDebInfo|Win32.Build.0 = RelWithDebInfo|Win32
		{24D74311-CDA5-31C4-9434-DE5DB15CD2BE}.Debug|Win32.ActiveCfg = Debug|Win32
		{24D74311-CDA5-31C4-9434-DE5DB15CD2BE}.Debug|Win32.Build.0 = Debug|Win32
		{24D74311-CDA5-31C4-9434-DE5DB15CD2BE}.Release|Win32.ActiveCfg = Release|Win32
		{24D74311-CDA5-31C4-9434-DE5DB15CD2BE}.Release|Win32.Build.0 = Release|Win32
		{24D74311-CDA5-31C4-9434-DE5DB15CD2BE}.MinSizeRel|Win32.ActiveCfg = MinSizeRel|Win32
		{24D74311-CDA5-31C4-9434-DE5DB15CD2BE}.MinSizeRel|Win32.Build.0 = MinSizeRel|Win32
		{24D74311-CDA5-31C4-9434-DE5DB15CD2BE}.RelWithDebInfo|Win32.ActiveCfg = RelWithDebInfo|Win32
		{24D74311-CDA5-31C4-9434-DE5DB15CD2BE}.RelWithDebInfo|Win32.Build.0 = RelWithDebInfo|Win32
		{9B8521B6-74E5-3CC2-9596-E784F89C525F}.Debug|Win32.ActiveCfg = Debug|Win32
		{9B8521B6-74E5-3CC2-9596-E784F89C525F}.Debug|Win32.Build.0 = Debug|Win32
		{9B8521B6-74E5-3CC2-9596-E784F89C525F}.Release|Win32.ActiveCfg = Release|Win32
		{9B8521B6-74E5-3CC2-9596-E784F89C525F}.Release|Win32.Build.0 = Release|Win32
		{9B8521B6-74E5-3CC2-9596-E784F89C525F}.MinSizeRel|Win32.ActiveCfg = MinSizeRel|Win32
		{9B8521B6-74E5-3CC2-9596-E784F89C525F}.MinSizeRel|Win32.Build.0 = MinSizeRel|Win32
		{9B8521B6-74E5-3CC2-9596-E784F89C525F}.RelWithDebInfo|Win32.ActiveCfg = RelWithDebInfo|Win32
		{9B8521B6-74E5-3CC2-9596-E784F89C525F}.RelWithDebInfo|Win32.Build.0 = RelWithDebInfo|Win32
	EndGlobalSection
	GlobalSection(ExtensibilityGlobals) = postSolution
		SolutionGuid = {A8FC5427-F66E-34A3-9174-8E86A38B646F}
	EndGlobalSection
	GlobalSection(ExtensibilityAddIns) = postSolution
	EndGlobalSection
EndGlobal
